
Microsoft Visual Studio Solution File, Format Version 12.00
# Visual Studio Express 14 for Web
VisualStudioVersion = 14.0.25420.1
MinimumVisualStudioVersion = 10.0.40219.1
Project("{FAE04EC0-301F-11D3-BF4B-00C04F79EFBC}") = "ProgMgrService", "ProgMgrService\ProgMgrService.csproj", "{78486C3E-2102-4960-BE48-2771805EA58B}"
EndProject
Project("{FAE04EC0-301F-11D3-BF4B-00C04F79EFBC}") = "DataAccessLayer", "DataAccessLayer\DataAccessLayer.csproj", "{C17933F5-C076-483B-BA15-7274E3F22C99}"
EndProject
Project("{FAE04EC0-301F-11D3-BF4B-00C04F79EFBC}") = "ProgMgrService.UnitTest", "ProgMgrService.UnitTest\ProgMgrService.UnitTest.csproj", "{E7D80FB4-75B2-416B-BC7E-F14F34D935F8}"
EndProject
Global
	GlobalSection(SolutionConfigurationPlatforms) = preSolution
		Debug|Any CPU = Debug|Any CPU
		Release|Any CPU = Release|Any CPU
	EndGlobalSection
	GlobalSection(ProjectConfigurationPlatforms) = postSolution
		{78486C3E-2102-4960-BE48-2771805EA58B}.Debug|Any CPU.ActiveCfg = Debug|Any CPU
		{78486C3E-2102-4960-BE48-2771805EA58B}.Debug|Any CPU.Build.0 = Debug|Any CPU
		{78486C3E-2102-4960-BE48-2771805EA58B}.Release|Any CPU.ActiveCfg = Release|Any CPU
		{78486C3E-2102-4960-BE48-2771805EA58B}.Release|Any CPU.Build.0 = Release|Any CPU
		{C17933F5-C076-483B-BA15-7274E3F22C99}.Debug|Any CPU.ActiveCfg = Debug|Any CPU
		{C17933F5-C076-483B-BA15-7274E3F22C99}.Debug|Any CPU.Build.0 = Debug|Any CPU
		{C17933F5-C076-483B-BA15-7274E3F22C99}.Release|Any CPU.ActiveCfg = Release|Any CPU
		{C17933F5-C076-483B-BA15-7274E3F22C99}.Release|Any CPU.Build.0 = Release|Any CPU
		{E7D80FB4-75B2-416B-BC7E-F14F34D935F8}.Debug|Any CPU.ActiveCfg = Debug|Any CPU
		{E7D80FB4-75B2-416B-BC7E-F14F34D935F8}.Debug|Any CPU.Build.0 = Debug|Any CPU
		{E7D80FB4-75B2-416B-BC7E-F14F34D935F8}.Release|Any CPU.ActiveCfg = Release|Any CPU
		{E7D80FB4-75B2-416B-BC7E-F14F34D935F8}.Release|Any CPU.Build.0 = Release|Any CPU
	EndGlobalSection
	GlobalSection(SolutionProperties) = preSolution
		HideSolutionNode = FALSE
	EndGlobalSection
EndGlobal
